
Microsoft Visual Studio Solution File, Format Version 12.00
# Visual Studio Version 17
VisualStudioVersion = 17.5.33516.290
MinimumVisualStudioVersion = 10.0.40219.1
Project("{9A19103F-16F7-4668-BE54-9A1E7A4F7556}") = "AbstractFactory", "AbstractFactory\AbstractFactory.csproj", "{FE061534-2F67-49DB-8155-B7C05A48BF4E}"
EndProject
Project("{9A19103F-16F7-4668-BE54-9A1E7A4F7556}") = "FactoryMethod", "FactoryMethod\FactoryMethod.csproj", "{AC1E5894-F0D2-4451-BC1A-BC0D1CE76F3C}"
EndProject
Project("{9A19103F-16F7-4668-BE54-9A1E7A4F7556}") = "SimpleFactory", "SimpleFactory\SimpleFactory.csproj", "{5F2883D2-371A-49EB-BDE7-BA6BA7B344DE}"
EndProject
Project("{2150E333-8FDC-42A3-9474-1A3956D46DE8}") = "CreationalPatterns", "CreationalPatterns", "{19AD0BCD-EC06-40CC-B5C9-5A873F3A180D}"
EndProject
Project("{9A19103F-16F7-4668-BE54-9A1E7A4F7556}") = "Builder", "Builder\Builder.csproj", "{CA5F4516-BD22-49EE-963C-66D4891C9670}"
EndProject
Project("{9A19103F-16F7-4668-BE54-9A1E7A4F7556}") = "Prototype", "Prototype\Prototype.csproj", "{046EA4CF-665B-4461-8CDE-896946EA3642}"
EndProject
Project("{9A19103F-16F7-4668-BE54-9A1E7A4F7556}") = "Singleton", "Singleton\Singleton.csproj", "{32B6332C-13BD-46B8-B222-83C91876E16A}"
EndProject
Project("{2150E333-8FDC-42A3-9474-1A3956D46DE8}") = "StructuralPatterns", "StructuralPatterns", "{EAA29D97-447F-4EEA-A068-1AFBAE265B4C}"
EndProject
Project("{9A19103F-16F7-4668-BE54-9A1E7A4F7556}") = "Adapter", "Adapter\Adapter.csproj", "{F8A32AB3-CB9C-488C-A83A-E4920B557887}"
EndProject
Project("{9A19103F-16F7-4668-BE54-9A1E7A4F7556}") = "Bridge", "Bridge\Bridge.csproj", "{B043F0EE-C022-4761-9CBD-9C5F0375CD67}"
EndProject
Project("{9A19103F-16F7-4668-BE54-9A1E7A4F7556}") = "Composite", "Composite\Composite.csproj", "{0C0642EB-CC42-4958-B6C0-D2D4ED47A121}"
EndProject
Project("{FAE04EC0-301F-11D3-BF4B-00C04F79EFBC}") = "Decorator", "Decorator\Decorator.csproj", "{1AAA9B08-C8C6-4ABB-811B-27B84A1CD84A}"
EndProject
Project("{FAE04EC0-301F-11D3-BF4B-00C04F79EFBC}") = "Facade", "Facade\Facade.csproj", "{1EFFC3FA-8C7F-443E-A7B7-2D8D12FB73E5}"
EndProject
Global
	GlobalSection(SolutionConfigurationPlatforms) = preSolution
		Debug|Any CPU = Debug|Any CPU
		Release|Any CPU = Release|Any CPU
	EndGlobalSection
	GlobalSection(ProjectConfigurationPlatforms) = postSolution
		{FE061534-2F67-49DB-8155-B7C05A48BF4E}.Debug|Any CPU.ActiveCfg = Debug|Any CPU
		{FE061534-2F67-49DB-8155-B7C05A48BF4E}.Debug|Any CPU.Build.0 = Debug|Any CPU
		{FE061534-2F67-49DB-8155-B7C05A48BF4E}.Release|Any CPU.ActiveCfg = Release|Any CPU
		{FE061534-2F67-49DB-8155-B7C05A48BF4E}.Release|Any CPU.Build.0 = Release|Any CPU
		{AC1E5894-F0D2-4451-BC1A-BC0D1CE76F3C}.Debug|Any CPU.ActiveCfg = Debug|Any CPU
		{AC1E5894-F0D2-4451-BC1A-BC0D1CE76F3C}.Debug|Any CPU.Build.0 = Debug|Any CPU
		{AC1E5894-F0D2-4451-BC1A-BC0D1CE76F3C}.Release|Any CPU.ActiveCfg = Release|Any CPU
		{AC1E5894-F0D2-4451-BC1A-BC0D1CE76F3C}.Release|Any CPU.Build.0 = Release|Any CPU
		{5F2883D2-371A-49EB-BDE7-BA6BA7B344DE}.Debug|Any CPU.ActiveCfg = Debug|Any CPU
		{5F2883D2-371A-49EB-BDE7-BA6BA7B344DE}.Debug|Any CPU.Build.0 = Debug|Any CPU
		{5F2883D2-371A-49EB-BDE7-BA6BA7B344DE}.Release|Any CPU.ActiveCfg = Release|Any CPU
		{5F2883D2-371A-49EB-BDE7-BA6BA7B344DE}.Release|Any CPU.Build.0 = Release|Any CPU
		{CA5F4516-BD22-49EE-963C-66D4891C9670}.Debug|Any CPU.ActiveCfg = Debug|Any CPU
		{CA5F4516-BD22-49EE-963C-66D4891C9670}.Debug|Any CPU.Build.0 = Debug|Any CPU
		{CA5F4516-BD22-49EE-963C-66D4891C9670}.Release|Any CPU.ActiveCfg = Release|Any CPU
		{CA5F4516-BD22-49EE-963C-66D4891C9670}.Release|Any CPU.Build.0 = Release|Any CPU
		{046EA4CF-665B-4461-8CDE-896946EA3642}.Debug|Any CPU.ActiveCfg = Debug|Any CPU
		{046EA4CF-665B-4461-8CDE-896946EA3642}.Debug|Any CPU.Build.0 = Debug|Any CPU
		{046EA4CF-665B-4461-8CDE-896946EA3642}.Release|Any CPU.ActiveCfg = Release|Any CPU
		{046EA4CF-665B-4461-8CDE-896946EA3642}.Release|Any CPU.Build.0 = Release|Any CPU
		{32B6332C-13BD-46B8-B222-83C91876E16A}.Debug|Any CPU.ActiveCfg = Debug|Any CPU
		{32B6332C-13BD-46B8-B222-83C91876E16A}.Debug|Any CPU.Build.0 = Debug|Any CPU
		{32B6332C-13BD-46B8-B222-83C91876E16A}.Release|Any CPU.ActiveCfg = Release|Any CPU
		{32B6332C-13BD-46B8-B222-83C91876E16A}.Release|Any CPU.Build.0 = Release|Any CPU
		{F8A32AB3-CB9C-488C-A83A-E4920B557887}.Debug|Any CPU.ActiveCfg = Debug|Any CPU
		{F8A32AB3-CB9C-488C-A83A-E4920B557887}.Debug|Any CPU.Build.0 = Debug|Any CPU
		{F8A32AB3-CB9C-488C-A83A-E4920B557887}.Release|Any CPU.ActiveCfg = Release|Any CPU
		{F8A32AB3-CB9C-488C-A83A-E4920B557887}.Release|Any CPU.Build.0 = Release|Any CPU
		{B043F0EE-C022-4761-9CBD-9C5F0375CD67}.Debug|Any CPU.ActiveCfg = Debug|Any CPU
		{B043F0EE-C022-4761-9CBD-9C5F0375CD67}.Debug|Any CPU.Build.0 = Debug|Any CPU
		{B043F0EE-C022-4761-9CBD-9C5F0375CD67}.Release|Any CPU.ActiveCfg = Release|Any CPU
		{B043F0EE-C022-4761-9CBD-9C5F0375CD67}.Release|Any CPU.Build.0 = Release|Any CPU
		{0C0642EB-CC42-4958-B6C0-D2D4ED47A121}.Debug|Any CPU.ActiveCfg = Debug|Any CPU
		{0C0642EB-CC42-4958-B6C0-D2D4ED47A121}.Debug|Any CPU.Build.0 = Debug|Any CPU
		{0C0642EB-CC42-4958-B6C0-D2D4ED47A121}.Release|Any CPU.ActiveCfg = Release|Any CPU
		{0C0642EB-CC42-4958-B6C0-D2D4ED47A121}.Release|Any CPU.Build.0 = Release|Any CPU
		{1AAA9B08-C8C6-4ABB-811B-27B84A1CD84A}.Debug|Any CPU.ActiveCfg = Debug|Any CPU
		{1AAA9B08-C8C6-4ABB-811B-27B84A1CD84A}.Debug|Any CPU.Build.0 = Debug|Any CPU
		{1AAA9B08-C8C6-4ABB-811B-27B84A1CD84A}.Release|Any CPU.ActiveCfg = Release|Any CPU
		{1AAA9B08-C8C6-4ABB-811B-27B84A1CD84A}.Release|Any CPU.Build.0 = Release|Any CPU
		{1EFFC3FA-8C7F-443E-A7B7-2D8D12FB73E5}.Debug|Any CPU.ActiveCfg = Debug|Any CPU
		{1EFFC3FA-8C7F-443E-A7B7-2D8D12FB73E5}.Debug|Any CPU.Build.0 = Debug|Any CPU
		{1EFFC3FA-8C7F-443E-A7B7-2D8D12FB73E5}.Release|Any CPU.ActiveCfg = Release|Any CPU
		{1EFFC3FA-8C7F-443E-A7B7-2D8D12FB73E5}.Release|Any CPU.Build.0 = Release|Any CPU
	EndGlobalSection
	GlobalSection(SolutionProperties) = preSolution
		HideSolutionNode = FALSE
	EndGlobalSection
	GlobalSection(NestedProjects) = preSolution
		{FE061534-2F67-49DB-8155-B7C05A48BF4E} = {19AD0BCD-EC06-40CC-B5C9-5A873F3A180D}
		{AC1E5894-F0D2-4451-BC1A-BC0D1CE76F3C} = {19AD0BCD-EC06-40CC-B5C9-5A873F3A180D}
		{5F2883D2-371A-49EB-BDE7-BA6BA7B344DE} = {19AD0BCD-EC06-40CC-B5C9-5A873F3A180D}
		{CA5F4516-BD22-49EE-963C-66D4891C9670} = {19AD0BCD-EC06-40CC-B5C9-5A873F3A180D}
		{046EA4CF-665B-4461-8CDE-896946EA3642} = {19AD0BCD-EC06-40CC-B5C9-5A873F3A180D}
		{32B6332C-13BD-46B8-B222-83C91876E16A} = {19AD0BCD-EC06-40CC-B5C9-5A873F3A180D}
		{F8A32AB3-CB9C-488C-A83A-E4920B557887} = {EAA29D97-447F-4EEA-A068-1AFBAE265B4C}
		{B043F0EE-C022-4761-9CBD-9C5F0375CD67} = {EAA29D97-447F-4EEA-A068-1AFBAE265B4C}
		{0C0642EB-CC42-4958-B6C0-D2D4ED47A121} = {EAA29D97-447F-4EEA-A068-1AFBAE265B4C}
		{1AAA9B08-C8C6-4ABB-811B-27B84A1CD84A} = {EAA29D97-447F-4EEA-A068-1AFBAE265B4C}
		{1EFFC3FA-8C7F-443E-A7B7-2D8D12FB73E5} = {EAA29D97-447F-4EEA-A068-1AFBAE265B4C}
	EndGlobalSection
	GlobalSection(ExtensibilityGlobals) = postSolution
		SolutionGuid = {2BD32627-86A1-40C1-96C5-95A2FD3C65FD}
	EndGlobalSection
EndGlobal
