
Microsoft Visual Studio Solution File, Format Version 12.00
# Visual Studio Version 17
VisualStudioVersion = 17.5.33516.290
MinimumVisualStudioVersion = 10.0.40219.1
Project("{9A19103F-16F7-4668-BE54-9A1E7A4F7556}") = "AbstractFactory", "AbstractFactory\AbstractFactory.csproj", "{FE061534-2F67-49DB-8155-B7C05A48BF4E}"
EndProject
Project("{9A19103F-16F7-4668-BE54-9A1E7A4F7556}") = "FactoryMethod", "FactoryMethod\FactoryMethod.csproj", "{AC1E5894-F0D2-4451-BC1A-BC0D1CE76F3C}"
EndProject
Project("{9A19103F-16F7-4668-BE54-9A1E7A4F7556}") = "SimpleFactory", "SimpleFactory\SimpleFactory.csproj", "{5F2883D2-371A-49EB-BDE7-BA6BA7B344DE}"
EndProject
Project("{2150E333-8FDC-42A3-9474-1A3956D46DE8}") = "CreationalPatterns", "CreationalPatterns", "{19AD0BCD-EC06-40CC-B5C9-5A873F3A180D}"
EndProject
Project("{9A19103F-16F7-4668-BE54-9A1E7A4F7556}") = "Builder", "Builder\Builder.csproj", "{CA5F4516-BD22-49EE-963C-66D4891C9670}"
EndProject
Project("{9A19103F-16F7-4668-BE54-9A1E7A4F7556}") = "Prototype", "Prototype\Prototype.csproj", "{046EA4CF-665B-4461-8CDE-896946EA3642}"
EndProject
Project("{9A19103F-16F7-4668-BE54-9A1E7A4F7556}") = "Singleton", "Singleton\Singleton.csproj", "{32B6332C-13BD-46B8-B222-83C91876E16A}"
EndProject
Project("{2150E333-8FDC-42A3-9474-1A3956D46DE8}") = "StructuralPatterns", "StructuralPatterns", "{EAA29D97-447F-4EEA-A068-1AFBAE265B4C}"
EndProject
Project("{9A19103F-16F7-4668-BE54-9A1E7A4F7556}") = "Adapter", "Adapter\Adapter.csproj", "{F8A32AB3-CB9C-488C-A83A-E4920B557887}"
EndProject
Project("{9A19103F-16F7-4668-BE54-9A1E7A4F7556}") = "Bridge", "Bridge\Bridge.csproj", "{B043F0EE-C022-4761-9CBD-9C5F0375CD67}"
EndProject
Project("{9A19103F-16F7-4668-BE54-9A1E7A4F7556}") = "Composite", "Composite\Composite.csproj", "{0C0642EB-CC42-4958-B6C0-D2D4ED47A121}"
EndProject
Project("{9A19103F-16F7-4668-BE54-9A1E7A4F7556}") = "Decorator", "Decorator\Decorator.csproj", "{1AAA9B08-C8C6-4ABB-811B-27B84A1CD84A}"
EndProject
Project("{9A19103F-16F7-4668-BE54-9A1E7A4F7556}") = "Facade", "Facade\Facade.csproj", "{1EFFC3FA-8C7F-443E-A7B7-2D8D12FB73E5}"
EndProject
Project("{9A19103F-16F7-4668-BE54-9A1E7A4F7556}") = "Flyweight", "Flyweight\Flyweight.csproj", "{CC09249C-70B2-4A53-899E-B4012F75CD1E}"
EndProject
Project("{9A19103F-16F7-4668-BE54-9A1E7A4F7556}") = "Proxy", "Proxy\Proxy.csproj", "{BF7054BB-6B26-4584-8111-3868927A17A8}"
EndProject
Project("{2150E333-8FDC-42A3-9474-1A3956D46DE8}") = "BehavioralPatterns", "BehavioralPatterns", "{EBD43500-2727-4C05-A260-5013AC5AAFAB}"
EndProject
Project("{9A19103F-16F7-4668-BE54-9A1E7A4F7556}") = "ChainOfResponsibility", "ChainOfResponsibility\ChainOfResponsibility.csproj", "{352250C3-2A97-4473-8D91-FF203DAFEF25}"
EndProject
Project("{9A19103F-16F7-4668-BE54-9A1E7A4F7556}") = "Command", "Command\Command.csproj", "{119A09BA-2B82-4940-9905-3715405DA8E4}"
EndProject
Project("{9A19103F-16F7-4668-BE54-9A1E7A4F7556}") = "Iterator", "Iterator\Iterator.csproj", "{4AD80033-0574-462E-B347-626950034798}"
EndProject
Project("{9A19103F-16F7-4668-BE54-9A1E7A4F7556}") = "Mediator", "Mediator\Mediator.csproj", "{2AE9F5FD-CA9A-4A3C-9435-7598D9FECAFE}"
EndProject
Project("{9A19103F-16F7-4668-BE54-9A1E7A4F7556}") = "Memento", "Memento\Memento.csproj", "{8820E800-D597-4695-B4EC-7E996B831D1B}"
EndProject
Project("{9A19103F-16F7-4668-BE54-9A1E7A4F7556}") = "Observer", "Observer\Observer.csproj", "{64F8AE15-DBB2-40FE-AE37-96D8EBACC098}"
EndProject
Project("{9A19103F-16F7-4668-BE54-9A1E7A4F7556}") = "Visitor", "Visitor\Visitor.csproj", "{E66EB064-15E5-4441-9195-62546633FE66}"
EndProject
Project("{9A19103F-16F7-4668-BE54-9A1E7A4F7556}") = "Strategy", "Strategy\Strategy.csproj", "{33F3DEF2-C826-409B-A610-C280BB036917}"
EndProject
Project("{FAE04EC0-301F-11D3-BF4B-00C04F79EFBC}") = "State", "State\State.csproj", "{73C25632-80D1-4964-8CC6-081A410549FC}"
EndProject
Project("{FAE04EC0-301F-11D3-BF4B-00C04F79EFBC}") = "Template Method", "Template\Template Method.csproj", "{95D70E1E-FDA8-43B5-BCB9-35DB6B710F0D}"
EndProject
Global
	GlobalSection(SolutionConfigurationPlatforms) = preSolution
		Debug|Any CPU = Debug|Any CPU
		Release|Any CPU = Release|Any CPU
	EndGlobalSection
	GlobalSection(ProjectConfigurationPlatforms) = postSolution
		{FE061534-2F67-49DB-8155-B7C05A48BF4E}.Debug|Any CPU.ActiveCfg = Debug|Any CPU
		{FE061534-2F67-49DB-8155-B7C05A48BF4E}.Debug|Any CPU.Build.0 = Debug|Any CPU
		{FE061534-2F67-49DB-8155-B7C05A48BF4E}.Release|Any CPU.ActiveCfg = Release|Any CPU
		{FE061534-2F67-49DB-8155-B7C05A48BF4E}.Release|Any CPU.Build.0 = Release|Any CPU
		{AC1E5894-F0D2-4451-BC1A-BC0D1CE76F3C}.Debug|Any CPU.ActiveCfg = Debug|Any CPU
		{AC1E5894-F0D2-4451-BC1A-BC0D1CE76F3C}.Debug|Any CPU.Build.0 = Debug|Any CPU
		{AC1E5894-F0D2-4451-BC1A-BC0D1CE76F3C}.Release|Any CPU.ActiveCfg = Release|Any CPU
		{AC1E5894-F0D2-4451-BC1A-BC0D1CE76F3C}.Release|Any CPU.Build.0 = Release|Any CPU
		{5F2883D2-371A-49EB-BDE7-BA6BA7B344DE}.Debug|Any CPU.ActiveCfg = Debug|Any CPU
		{5F2883D2-371A-49EB-BDE7-BA6BA7B344DE}.Debug|Any CPU.Build.0 = Debug|Any CPU
		{5F2883D2-371A-49EB-BDE7-BA6BA7B344DE}.Release|Any CPU.ActiveCfg = Release|Any CPU
		{5F2883D2-371A-49EB-BDE7-BA6BA7B344DE}.Release|Any CPU.Build.0 = Release|Any CPU
		{CA5F4516-BD22-49EE-963C-66D4891C9670}.Debug|Any CPU.ActiveCfg = Debug|Any CPU
		{CA5F4516-BD22-49EE-963C-66D4891C9670}.Debug|Any CPU.Build.0 = Debug|Any CPU
		{CA5F4516-BD22-49EE-963C-66D4891C9670}.Release|Any CPU.ActiveCfg = Release|Any CPU
		{CA5F4516-BD22-49EE-963C-66D4891C9670}.Release|Any CPU.Build.0 = Release|Any CPU
		{046EA4CF-665B-4461-8CDE-896946EA3642}.Debug|Any CPU.ActiveCfg = Debug|Any CPU
		{046EA4CF-665B-4461-8CDE-896946EA3642}.Debug|Any CPU.Build.0 = Debug|Any CPU
		{046EA4CF-665B-4461-8CDE-896946EA3642}.Release|Any CPU.ActiveCfg = Release|Any CPU
		{046EA4CF-665B-4461-8CDE-896946EA3642}.Release|Any CPU.Build.0 = Release|Any CPU
		{32B6332C-13BD-46B8-B222-83C91876E16A}.Debug|Any CPU.ActiveCfg = Debug|Any CPU
		{32B6332C-13BD-46B8-B222-83C91876E16A}.Debug|Any CPU.Build.0 = Debug|Any CPU
		{32B6332C-13BD-46B8-B222-83C91876E16A}.Release|Any CPU.ActiveCfg = Release|Any CPU
		{32B6332C-13BD-46B8-B222-83C91876E16A}.Release|Any CPU.Build.0 = Release|Any CPU
		{F8A32AB3-CB9C-488C-A83A-E4920B557887}.Debug|Any CPU.ActiveCfg = Debug|Any CPU
		{F8A32AB3-CB9C-488C-A83A-E4920B557887}.Debug|Any CPU.Build.0 = Debug|Any CPU
		{F8A32AB3-CB9C-488C-A83A-E4920B557887}.Release|Any CPU.ActiveCfg = Release|Any CPU
		{F8A32AB3-CB9C-488C-A83A-E4920B557887}.Release|Any CPU.Build.0 = Release|Any CPU
		{B043F0EE-C022-4761-9CBD-9C5F0375CD67}.Debug|Any CPU.ActiveCfg = Debug|Any CPU
		{B043F0EE-C022-4761-9CBD-9C5F0375CD67}.Debug|Any CPU.Build.0 = Debug|Any CPU
		{B043F0EE-C022-4761-9CBD-9C5F0375CD67}.Release|Any CPU.ActiveCfg = Release|Any CPU
		{B043F0EE-C022-4761-9CBD-9C5F0375CD67}.Release|Any CPU.Build.0 = Release|Any CPU
		{0C0642EB-CC42-4958-B6C0-D2D4ED47A121}.Debug|Any CPU.ActiveCfg = Debug|Any CPU
		{0C0642EB-CC42-4958-B6C0-D2D4ED47A121}.Debug|Any CPU.Build.0 = Debug|Any CPU
		{0C0642EB-CC42-4958-B6C0-D2D4ED47A121}.Release|Any CPU.ActiveCfg = Release|Any CPU
		{0C0642EB-CC42-4958-B6C0-D2D4ED47A121}.Release|Any CPU.Build.0 = Release|Any CPU
		{1AAA9B08-C8C6-4ABB-811B-27B84A1CD84A}.Debug|Any CPU.ActiveCfg = Debug|Any CPU
		{1AAA9B08-C8C6-4ABB-811B-27B84A1CD84A}.Debug|Any CPU.Build.0 = Debug|Any CPU
		{1AAA9B08-C8C6-4ABB-811B-27B84A1CD84A}.Release|Any CPU.ActiveCfg = Release|Any CPU
		{1AAA9B08-C8C6-4ABB-811B-27B84A1CD84A}.Release|Any CPU.Build.0 = Release|Any CPU
		{1EFFC3FA-8C7F-443E-A7B7-2D8D12FB73E5}.Debug|Any CPU.ActiveCfg = Debug|Any CPU
		{1EFFC3FA-8C7F-443E-A7B7-2D8D12FB73E5}.Debug|Any CPU.Build.0 = Debug|Any CPU
		{1EFFC3FA-8C7F-443E-A7B7-2D8D12FB73E5}.Release|Any CPU.ActiveCfg = Release|Any CPU
		{1EFFC3FA-8C7F-443E-A7B7-2D8D12FB73E5}.Release|Any CPU.Build.0 = Release|Any CPU
		{CC09249C-70B2-4A53-899E-B4012F75CD1E}.Debug|Any CPU.ActiveCfg = Debug|Any CPU
		{CC09249C-70B2-4A53-899E-B4012F75CD1E}.Debug|Any CPU.Build.0 = Debug|Any CPU
		{CC09249C-70B2-4A53-899E-B4012F75CD1E}.Release|Any CPU.ActiveCfg = Release|Any CPU
		{CC09249C-70B2-4A53-899E-B4012F75CD1E}.Release|Any CPU.Build.0 = Release|Any CPU
		{BF7054BB-6B26-4584-8111-3868927A17A8}.Debug|Any CPU.ActiveCfg = Debug|Any CPU
		{BF7054BB-6B26-4584-8111-3868927A17A8}.Debug|Any CPU.Build.0 = Debug|Any CPU
		{BF7054BB-6B26-4584-8111-3868927A17A8}.Release|Any CPU.ActiveCfg = Release|Any CPU
		{BF7054BB-6B26-4584-8111-3868927A17A8}.Release|Any CPU.Build.0 = Release|Any CPU
		{352250C3-2A97-4473-8D91-FF203DAFEF25}.Debug|Any CPU.ActiveCfg = Debug|Any CPU
		{352250C3-2A97-4473-8D91-FF203DAFEF25}.Debug|Any CPU.Build.0 = Debug|Any CPU
		{352250C3-2A97-4473-8D91-FF203DAFEF25}.Release|Any CPU.ActiveCfg = Release|Any CPU
		{352250C3-2A97-4473-8D91-FF203DAFEF25}.Release|Any CPU.Build.0 = Release|Any CPU
		{119A09BA-2B82-4940-9905-3715405DA8E4}.Debug|Any CPU.ActiveCfg = Debug|Any CPU
		{119A09BA-2B82-4940-9905-3715405DA8E4}.Debug|Any CPU.Build.0 = Debug|Any CPU
		{119A09BA-2B82-4940-9905-3715405DA8E4}.Release|Any CPU.ActiveCfg = Release|Any CPU
		{119A09BA-2B82-4940-9905-3715405DA8E4}.Release|Any CPU.Build.0 = Release|Any CPU
		{4AD80033-0574-462E-B347-626950034798}.Debug|Any CPU.ActiveCfg = Debug|Any CPU
		{4AD80033-0574-462E-B347-626950034798}.Debug|Any CPU.Build.0 = Debug|Any CPU
		{4AD80033-0574-462E-B347-626950034798}.Release|Any CPU.ActiveCfg = Release|Any CPU
		{4AD80033-0574-462E-B347-626950034798}.Release|Any CPU.Build.0 = Release|Any CPU
		{2AE9F5FD-CA9A-4A3C-9435-7598D9FECAFE}.Debug|Any CPU.ActiveCfg = Debug|Any CPU
		{2AE9F5FD-CA9A-4A3C-9435-7598D9FECAFE}.Debug|Any CPU.Build.0 = Debug|Any CPU
		{2AE9F5FD-CA9A-4A3C-9435-7598D9FECAFE}.Release|Any CPU.ActiveCfg = Release|Any CPU
		{2AE9F5FD-CA9A-4A3C-9435-7598D9FECAFE}.Release|Any CPU.Build.0 = Release|Any CPU
		{8820E800-D597-4695-B4EC-7E996B831D1B}.Debug|Any CPU.ActiveCfg = Debug|Any CPU
		{8820E800-D597-4695-B4EC-7E996B831D1B}.Debug|Any CPU.Build.0 = Debug|Any CPU
		{8820E800-D597-4695-B4EC-7E996B831D1B}.Release|Any CPU.ActiveCfg = Release|Any CPU
		{8820E800-D597-4695-B4EC-7E996B831D1B}.Release|Any CPU.Build.0 = Release|Any CPU
		{64F8AE15-DBB2-40FE-AE37-96D8EBACC098}.Debug|Any CPU.ActiveCfg = Debug|Any CPU
		{64F8AE15-DBB2-40FE-AE37-96D8EBACC098}.Debug|Any CPU.Build.0 = Debug|Any CPU
		{64F8AE15-DBB2-40FE-AE37-96D8EBACC098}.Release|Any CPU.ActiveCfg = Release|Any CPU
		{64F8AE15-DBB2-40FE-AE37-96D8EBACC098}.Release|Any CPU.Build.0 = Release|Any CPU
		{E66EB064-15E5-4441-9195-62546633FE66}.Debug|Any CPU.ActiveCfg = Debug|Any CPU
		{E66EB064-15E5-4441-9195-62546633FE66}.Debug|Any CPU.Build.0 = Debug|Any CPU
		{E66EB064-15E5-4441-9195-62546633FE66}.Release|Any CPU.ActiveCfg = Release|Any CPU
		{E66EB064-15E5-4441-9195-62546633FE66}.Release|Any CPU.Build.0 = Release|Any CPU
		{33F3DEF2-C826-409B-A610-C280BB036917}.Debug|Any CPU.ActiveCfg = Debug|Any CPU
		{33F3DEF2-C826-409B-A610-C280BB036917}.Debug|Any CPU.Build.0 = Debug|Any CPU
		{33F3DEF2-C826-409B-A610-C280BB036917}.Release|Any CPU.ActiveCfg = Release|Any CPU
		{33F3DEF2-C826-409B-A610-C280BB036917}.Release|Any CPU.Build.0 = Release|Any CPU
		{73C25632-80D1-4964-8CC6-081A410549FC}.Debug|Any CPU.ActiveCfg = Debug|Any CPU
		{73C25632-80D1-4964-8CC6-081A410549FC}.Debug|Any CPU.Build.0 = Debug|Any CPU
		{73C25632-80D1-4964-8CC6-081A410549FC}.Release|Any CPU.ActiveCfg = Release|Any CPU
		{73C25632-80D1-4964-8CC6-081A410549FC}.Release|Any CPU.Build.0 = Release|Any CPU
		{95D70E1E-FDA8-43B5-BCB9-35DB6B710F0D}.Debug|Any CPU.ActiveCfg = Debug|Any CPU
		{95D70E1E-FDA8-43B5-BCB9-35DB6B710F0D}.Debug|Any CPU.Build.0 = Debug|Any CPU
		{95D70E1E-FDA8-43B5-BCB9-35DB6B710F0D}.Release|Any CPU.ActiveCfg = Release|Any CPU
		{95D70E1E-FDA8-43B5-BCB9-35DB6B710F0D}.Release|Any CPU.Build.0 = Release|Any CPU
	EndGlobalSection
	GlobalSection(SolutionProperties) = preSolution
		HideSolutionNode = FALSE
	EndGlobalSection
	GlobalSection(NestedProjects) = preSolution
		{FE061534-2F67-49DB-8155-B7C05A48BF4E} = {19AD0BCD-EC06-40CC-B5C9-5A873F3A180D}
		{AC1E5894-F0D2-4451-BC1A-BC0D1CE76F3C} = {19AD0BCD-EC06-40CC-B5C9-5A873F3A180D}
		{5F2883D2-371A-49EB-BDE7-BA6BA7B344DE} = {19AD0BCD-EC06-40CC-B5C9-5A873F3A180D}
		{CA5F4516-BD22-49EE-963C-66D4891C9670} = {19AD0BCD-EC06-40CC-B5C9-5A873F3A180D}
		{046EA4CF-665B-4461-8CDE-896946EA3642} = {19AD0BCD-EC06-40CC-B5C9-5A873F3A180D}
		{32B6332C-13BD-46B8-B222-83C91876E16A} = {19AD0BCD-EC06-40CC-B5C9-5A873F3A180D}
		{F8A32AB3-CB9C-488C-A83A-E4920B557887} = {EAA29D97-447F-4EEA-A068-1AFBAE265B4C}
		{B043F0EE-C022-4761-9CBD-9C5F0375CD67} = {EAA29D97-447F-4EEA-A068-1AFBAE265B4C}
		{0C0642EB-CC42-4958-B6C0-D2D4ED47A121} = {EAA29D97-447F-4EEA-A068-1AFBAE265B4C}
		{1AAA9B08-C8C6-4ABB-811B-27B84A1CD84A} = {EAA29D97-447F-4EEA-A068-1AFBAE265B4C}
		{1EFFC3FA-8C7F-443E-A7B7-2D8D12FB73E5} = {EAA29D97-447F-4EEA-A068-1AFBAE265B4C}
		{CC09249C-70B2-4A53-899E-B4012F75CD1E} = {EAA29D97-447F-4EEA-A068-1AFBAE265B4C}
		{BF7054BB-6B26-4584-8111-3868927A17A8} = {EAA29D97-447F-4EEA-A068-1AFBAE265B4C}
		{352250C3-2A97-4473-8D91-FF203DAFEF25} = {EBD43500-2727-4C05-A260-5013AC5AAFAB}
		{119A09BA-2B82-4940-9905-3715405DA8E4} = {EBD43500-2727-4C05-A260-5013AC5AAFAB}
		{4AD80033-0574-462E-B347-626950034798} = {EBD43500-2727-4C05-A260-5013AC5AAFAB}
		{2AE9F5FD-CA9A-4A3C-9435-7598D9FECAFE} = {EBD43500-2727-4C05-A260-5013AC5AAFAB}
		{8820E800-D597-4695-B4EC-7E996B831D1B} = {EBD43500-2727-4C05-A260-5013AC5AAFAB}
		{64F8AE15-DBB2-40FE-AE37-96D8EBACC098} = {EBD43500-2727-4C05-A260-5013AC5AAFAB}
		{E66EB064-15E5-4441-9195-62546633FE66} = {EBD43500-2727-4C05-A260-5013AC5AAFAB}
		{33F3DEF2-C826-409B-A610-C280BB036917} = {EBD43500-2727-4C05-A260-5013AC5AAFAB}
		{73C25632-80D1-4964-8CC6-081A410549FC} = {EBD43500-2727-4C05-A260-5013AC5AAFAB}
		{95D70E1E-FDA8-43B5-BCB9-35DB6B710F0D} = {EBD43500-2727-4C05-A260-5013AC5AAFAB}
	EndGlobalSection
	GlobalSection(ExtensibilityGlobals) = postSolution
		SolutionGuid = {2BD32627-86A1-40C1-96C5-95A2FD3C65FD}
	EndGlobalSection
EndGlobal
